
Microsoft Visual Studio Solution File, Format Version 12.00
# Visual Studio 14
VisualStudioVersion = 14.0.24720.0
MinimumVisualStudioVersion = 10.0.40219.1
<<<<<<< HEAD
Project("{FAE04EC0-301F-11D3-BF4B-00C04F79EFBC}") = "ConsoleApplication1", "ConsoleApplication1\ConsoleApplication1.csproj", "{89992A69-A459-4EC3-B78F-43951D0FD73B}"
=======
Project("{FAE04EC0-301F-11D3-BF4B-00C04F79EFBC}") = "ConsoleApplication1", "ConsoleApplication1\ConsoleApplication1.csproj", "{520F6492-B695-4386-AE20-620699A33AF5}"
>>>>>>> 10d58683f867d121bafe2faa9a6b52cce9ffe154
EndProject
Global
	GlobalSection(SolutionConfigurationPlatforms) = preSolution
		Debug|Any CPU = Debug|Any CPU
		Release|Any CPU = Release|Any CPU
	EndGlobalSection
	GlobalSection(ProjectConfigurationPlatforms) = postSolution
<<<<<<< HEAD
		{89992A69-A459-4EC3-B78F-43951D0FD73B}.Debug|Any CPU.ActiveCfg = Debug|Any CPU
		{89992A69-A459-4EC3-B78F-43951D0FD73B}.Debug|Any CPU.Build.0 = Debug|Any CPU
		{89992A69-A459-4EC3-B78F-43951D0FD73B}.Release|Any CPU.ActiveCfg = Release|Any CPU
		{89992A69-A459-4EC3-B78F-43951D0FD73B}.Release|Any CPU.Build.0 = Release|Any CPU
=======
		{520F6492-B695-4386-AE20-620699A33AF5}.Debug|Any CPU.ActiveCfg = Debug|Any CPU
		{520F6492-B695-4386-AE20-620699A33AF5}.Debug|Any CPU.Build.0 = Debug|Any CPU
		{520F6492-B695-4386-AE20-620699A33AF5}.Release|Any CPU.ActiveCfg = Release|Any CPU
		{520F6492-B695-4386-AE20-620699A33AF5}.Release|Any CPU.Build.0 = Release|Any CPU
>>>>>>> 10d58683f867d121bafe2faa9a6b52cce9ffe154
	EndGlobalSection
	GlobalSection(SolutionProperties) = preSolution
		HideSolutionNode = FALSE
	EndGlobalSection
EndGlobal
